
Microsoft Visual Studio Solution File, Format Version 12.00
# Visual Studio Version 17
VisualStudioVersion = 17.5.33424.131
MinimumVisualStudioVersion = 10.0.40219.1
Project("{8BC9CEB8-8B4A-11D0-8D11-00A0C91BC942}") = "Accumulator", "Accumulator\Accumulator.vcxproj", "{00F2266B-D653-49F3-9F7C-0ABF620FA0B3}"
EndProject
Global
	GlobalSection(SolutionConfigurationPlatforms) = preSolution
		Debug|x64 = Debug|x64
		Debug|x86 = Debug|x86
		Release|x64 = Release|x64
		Release|x86 = Release|x86
	EndGlobalSection
	GlobalSection(ProjectConfigurationPlatforms) = postSolution
		{00F2266B-D653-49F3-9F7C-0ABF620FA0B3}.Debug|x64.ActiveCfg = Debug|x64
		{00F2266B-D653-49F3-9F7C-0ABF620FA0B3}.Debug|x64.Build.0 = Debug|x64
		{00F2266B-D653-49F3-9F7C-0ABF620FA0B3}.Debug|x86.ActiveCfg = Debug|Win32
		{00F2266B-D653-49F3-9F7C-0ABF620FA0B3}.Debug|x86.Build.0 = Debug|Win32
		{00F2266B-D653-49F3-9F7C-0ABF620FA0B3}.Release|x64.ActiveCfg = Release|x64
		{00F2266B-D653-49F3-9F7C-0ABF620FA0B3}.Release|x64.Build.0 = Release|x64
		{00F2266B-D653-49F3-9F7C-0ABF620FA0B3}.Release|x86.ActiveCfg = Release|Win32
		{00F2266B-D653-49F3-9F7C-0ABF620FA0B3}.Release|x86.Build.0 = Release|Win32
	EndGlobalSection
	GlobalSection(SolutionProperties) = preSolution
		HideSolutionNode = FALSE
	EndGlobalSection
	GlobalSection(ExtensibilityGlobals) = postSolution
		SolutionGuid = {C0E293F5-2B34-4490-9223-F27EEF35E7E8}
	EndGlobalSection
EndGlobal
